// !$*UTF8*$!
{
	archiveVersion = 1;
	classes = {
	};
	objectVersion = 56;
	objects = {

/* Begin PBXBuildFile section */
		9861626129CA19C900ECCDE4 /* AllCoinView.swift in Sources */ = {isa = PBXBuildFile; fileRef = 9861626029CA19C900ECCDE4 /* AllCoinView.swift */; };
		9861626329CA19D800ECCDE4 /* CoinRowView.swift in Sources */ = {isa = PBXBuildFile; fileRef = 9861626229CA19D800ECCDE4 /* CoinRowView.swift */; };
		9861626529CA1F2500ECCDE4 /* HomeViewModel.swift in Sources */ = {isa = PBXBuildFile; fileRef = 9861626429CA1F2500ECCDE4 /* HomeViewModel.swift */; };
		98A6633929C7731500E05943 /* CryptocurrencyAppSwiftUIApp.swift in Sources */ = {isa = PBXBuildFile; fileRef = 98A6633829C7731500E05943 /* CryptocurrencyAppSwiftUIApp.swift */; };
		98A6633B29C7731500E05943 /* ContentView.swift in Sources */ = {isa = PBXBuildFile; fileRef = 98A6633A29C7731500E05943 /* ContentView.swift */; };
		98A6633D29C7731600E05943 /* Assets.xcassets in Resources */ = {isa = PBXBuildFile; fileRef = 98A6633C29C7731600E05943 /* Assets.xcassets */; };
		98A6634029C7731600E05943 /* Preview Assets.xcassets in Resources */ = {isa = PBXBuildFile; fileRef = 98A6633F29C7731600E05943 /* Preview Assets.xcassets */; };
		98A8110029CE32FF00A40196 /* Kingfisher in Frameworks */ = {isa = PBXBuildFile; productRef = 98A810FF29CE32FF00A40196 /* Kingfisher */; };
		98BB049C29CCCAE3003D2710 /* Coin.swift in Sources */ = {isa = PBXBuildFile; fileRef = 98BB049B29CCCAE3003D2710 /* Coin.swift */; };
		98E04A4D29C8C561008F6937 /* HomeView.swift in Sources */ = {isa = PBXBuildFile; fileRef = 98E04A4C29C8C561008F6937 /* HomeView.swift */; };
		98E04A4F29C8C6A6008F6937 /* TopMoversView.swift in Sources */ = {isa = PBXBuildFile; fileRef = 98E04A4E29C8C6A6008F6937 /* TopMoversView.swift */; };
		98E04A5129C8C6C0008F6937 /* TopMoversItemView.swift in Sources */ = {isa = PBXBuildFile; fileRef = 98E04A5029C8C6C0008F6937 /* TopMoversItemView.swift */; };
/* End PBXBuildFile section */

/* Begin PBXFileReference section */
		9861626029CA19C900ECCDE4 /* AllCoinView.swift */ = {isa = PBXFileReference; lastKnownFileType = sourcecode.swift; path = AllCoinView.swift; sourceTree = "<group>"; };
		9861626229CA19D800ECCDE4 /* CoinRowView.swift */ = {isa = PBXFileReference; lastKnownFileType = sourcecode.swift; path = CoinRowView.swift; sourceTree = "<group>"; };
		9861626429CA1F2500ECCDE4 /* HomeViewModel.swift */ = {isa = PBXFileReference; lastKnownFileType = sourcecode.swift; path = HomeViewModel.swift; sourceTree = "<group>"; };
		98A6633529C7731500E05943 /* CryptocurrencyAppSwiftUI.app */ = {isa = PBXFileReference; explicitFileType = wrapper.application; includeInIndex = 0; path = CryptocurrencyAppSwiftUI.app; sourceTree = BUILT_PRODUCTS_DIR; };
		98A6633829C7731500E05943 /* CryptocurrencyAppSwiftUIApp.swift */ = {isa = PBXFileReference; lastKnownFileType = sourcecode.swift; path = CryptocurrencyAppSwiftUIApp.swift; sourceTree = "<group>"; };
		98A6633A29C7731500E05943 /* ContentView.swift */ = {isa = PBXFileReference; lastKnownFileType = sourcecode.swift; path = ContentView.swift; sourceTree = "<group>"; };
		98A6633C29C7731600E05943 /* Assets.xcassets */ = {isa = PBXFileReference; lastKnownFileType = folder.assetcatalog; path = Assets.xcassets; sourceTree = "<group>"; };
		98A6633F29C7731600E05943 /* Preview Assets.xcassets */ = {isa = PBXFileReference; lastKnownFileType = folder.assetcatalog; path = "Preview Assets.xcassets"; sourceTree = "<group>"; };
		98BB049B29CCCAE3003D2710 /* Coin.swift */ = {isa = PBXFileReference; lastKnownFileType = sourcecode.swift; path = Coin.swift; sourceTree = "<group>"; };
		98E04A4C29C8C561008F6937 /* HomeView.swift */ = {isa = PBXFileReference; lastKnownFileType = sourcecode.swift; path = HomeView.swift; sourceTree = "<group>"; };
		98E04A4E29C8C6A6008F6937 /* TopMoversView.swift */ = {isa = PBXFileReference; lastKnownFileType = sourcecode.swift; path = TopMoversView.swift; sourceTree = "<group>"; };
		98E04A5029C8C6C0008F6937 /* TopMoversItemView.swift */ = {isa = PBXFileReference; lastKnownFileType = sourcecode.swift; path = TopMoversItemView.swift; sourceTree = "<group>"; };
/* End PBXFileReference section */

/* Begin PBXFrameworksBuildPhase section */
		98A6633229C7731500E05943 /* Frameworks */ = {
			isa = PBXFrameworksBuildPhase;
			buildActionMask = 2147483647;
			files = (
				98A8110029CE32FF00A40196 /* Kingfisher in Frameworks */,
			);
			runOnlyForDeploymentPostprocessing = 0;
		};
/* End PBXFrameworksBuildPhase section */

/* Begin PBXGroup section */
		98A6632C29C7731500E05943 = {
			isa = PBXGroup;
			children = (
				98A6633729C7731500E05943 /* CryptocurrencyAppSwiftUI */,
				98A6633629C7731500E05943 /* Products */,
			);
			sourceTree = "<group>";
		};
		98A6633629C7731500E05943 /* Products */ = {
			isa = PBXGroup;
			children = (
				98A6633529C7731500E05943 /* CryptocurrencyAppSwiftUI.app */,
			);
			name = Products;
			sourceTree = "<group>";
		};
		98A6633729C7731500E05943 /* CryptocurrencyAppSwiftUI */ = {
			isa = PBXGroup;
			children = (
				98A6634B29C7739F00E05943 /* App */,
				98A6634A29C7739A00E05943 /* Core */,
				98A6634929C7739400E05943 /* Models */,
				98A6634829C7738B00E05943 /* Extensions */,
				98A6634629C7735E00E05943 /* Utils */,
				98A6633A29C7731500E05943 /* ContentView.swift */,
				98A6633C29C7731600E05943 /* Assets.xcassets */,
				98A6633E29C7731600E05943 /* Preview Content */,
			);
			path = CryptocurrencyAppSwiftUI;
			sourceTree = "<group>";
		};
		98A6633E29C7731600E05943 /* Preview Content */ = {
			isa = PBXGroup;
			children = (
				98A6633F29C7731600E05943 /* Preview Assets.xcassets */,
			);
			path = "Preview Content";
			sourceTree = "<group>";
		};
		98A6634629C7735E00E05943 /* Utils */ = {
			isa = PBXGroup;
			children = (
			);
			path = Utils;
			sourceTree = "<group>";
		};
		98A6634829C7738B00E05943 /* Extensions */ = {
			isa = PBXGroup;
			children = (
			);
			path = Extensions;
			sourceTree = "<group>";
		};
		98A6634929C7739400E05943 /* Models */ = {
			isa = PBXGroup;
			children = (
				98BB049B29CCCAE3003D2710 /* Coin.swift */,
			);
			path = Models;
			sourceTree = "<group>";
		};
		98A6634A29C7739A00E05943 /* Core */ = {
			isa = PBXGroup;
			children = (
				98A6634C29C773C300E05943 /* Home */,
			);
			path = Core;
			sourceTree = "<group>";
		};
		98A6634B29C7739F00E05943 /* App */ = {
			isa = PBXGroup;
			children = (
				98A6633829C7731500E05943 /* CryptocurrencyAppSwiftUIApp.swift */,
			);
			path = App;
			sourceTree = "<group>";
		};
		98A6634C29C773C300E05943 /* Home */ = {
			isa = PBXGroup;
			children = (
				98E04A4B29C8C53E008F6937 /* ViewModels */,
				98E04A4A29C8C536008F6937 /* Views */,
			);
			path = Home;
			sourceTree = "<group>";
		};
		98E04A4A29C8C536008F6937 /* Views */ = {
			isa = PBXGroup;
			children = (
				98E04A4C29C8C561008F6937 /* HomeView.swift */,
				98E04A4E29C8C6A6008F6937 /* TopMoversView.swift */,
				98E04A5029C8C6C0008F6937 /* TopMoversItemView.swift */,
				9861626029CA19C900ECCDE4 /* AllCoinView.swift */,
				9861626229CA19D800ECCDE4 /* CoinRowView.swift */,
			);
			path = Views;
			sourceTree = "<group>";
		};
		98E04A4B29C8C53E008F6937 /* ViewModels */ = {
			isa = PBXGroup;
			children = (
				9861626429CA1F2500ECCDE4 /* HomeViewModel.swift */,
			);
			path = ViewModels;
			sourceTree = "<group>";
		};
/* End PBXGroup section */

/* Begin PBXNativeTarget section */
		98A6633429C7731500E05943 /* CryptocurrencyAppSwiftUI */ = {
			isa = PBXNativeTarget;
			buildConfigurationList = 98A6634329C7731600E05943 /* Build configuration list for PBXNativeTarget "CryptocurrencyAppSwiftUI" */;
			buildPhases = (
				98A6633129C7731500E05943 /* Sources */,
				98A6633229C7731500E05943 /* Frameworks */,
				98A6633329C7731500E05943 /* Resources */,
			);
			buildRules = (
			);
			dependencies = (
			);
			name = CryptocurrencyAppSwiftUI;
			packageProductDependencies = (
				98A810FF29CE32FF00A40196 /* Kingfisher */,
			);
			productName = CryptocurrencyAppSwiftUI;
			productReference = 98A6633529C7731500E05943 /* CryptocurrencyAppSwiftUI.app */;
			productType = "com.apple.product-type.application";
		};
/* End PBXNativeTarget section */

/* Begin PBXProject section */
		98A6632D29C7731500E05943 /* Project object */ = {
			isa = PBXProject;
			attributes = {
				BuildIndependentTargetsInParallel = 1;
				LastSwiftUpdateCheck = 1420;
				LastUpgradeCheck = 1420;
				TargetAttributes = {
					98A6633429C7731500E05943 = {
						CreatedOnToolsVersion = 14.2;
					};
				};
			};
			buildConfigurationList = 98A6633029C7731500E05943 /* Build configuration list for PBXProject "CryptocurrencyAppSwiftUI" */;
			compatibilityVersion = "Xcode 14.0";
			developmentRegion = en;
			hasScannedForEncodings = 0;
			knownRegions = (
				en,
				Base,
			);
			mainGroup = 98A6632C29C7731500E05943;
			packageReferences = (
				98A810FE29CE32FF00A40196 /* XCRemoteSwiftPackageReference "Kingfisher" */,
			);
			productRefGroup = 98A6633629C7731500E05943 /* Products */;
			projectDirPath = "";
			projectRoot = "";
			targets = (
				98A6633429C7731500E05943 /* CryptocurrencyAppSwiftUI */,
			);
		};
/* End PBXProject section */

/* Begin PBXResourcesBuildPhase section */
		98A6633329C7731500E05943 /* Resources */ = {
			isa = PBXResourcesBuildPhase;
			buildActionMask = 2147483647;
			files = (
				98A6634029C7731600E05943 /* Preview Assets.xcassets in Resources */,
				98A6633D29C7731600E05943 /* Assets.xcassets in Resources */,
			);
			runOnlyForDeploymentPostprocessing = 0;
		};
/* End PBXResourcesBuildPhase section */

/* Begin PBXSourcesBuildPhase section */
		98A6633129C7731500E05943 /* Sources */ = {
			isa = PBXSourcesBuildPhase;
			buildActionMask = 2147483647;
			files = (
				98BB049C29CCCAE3003D2710 /* Coin.swift in Sources */,
				98E04A4F29C8C6A6008F6937 /* TopMoversView.swift in Sources */,
				9861626129CA19C900ECCDE4 /* AllCoinView.swift in Sources */,
				98E04A4D29C8C561008F6937 /* HomeView.swift in Sources */,
				9861626529CA1F2500ECCDE4 /* HomeViewModel.swift in Sources */,
				98A6633B29C7731500E05943 /* ContentView.swift in Sources */,
				98A6633929C7731500E05943 /* CryptocurrencyAppSwiftUIApp.swift in Sources */,
				9861626329CA19D800ECCDE4 /* CoinRowView.swift in Sources */,
				98E04A5129C8C6C0008F6937 /* TopMoversItemView.swift in Sources */,
			);
			runOnlyForDeploymentPostprocessing = 0;
		};
/* End PBXSourcesBuildPhase section */

/* Begin XCBuildConfiguration section */
		98A6634129C7731600E05943 /* Debug */ = {
			isa = XCBuildConfiguration;
			buildSettings = {
				ALWAYS_SEARCH_USER_PATHS = NO;
				CLANG_ANALYZER_NONNULL = YES;
				CLANG_ANALYZER_NUMBER_OBJECT_CONVERSION = YES_AGGRESSIVE;
				CLANG_CXX_LANGUAGE_STANDARD = "gnu++20";
				CLANG_ENABLE_MODULES = YES;
				CLANG_ENABLE_OBJC_ARC = YES;
				CLANG_ENABLE_OBJC_WEAK = YES;
				CLANG_WARN_BLOCK_CAPTURE_AUTORELEASING = YES;
				CLANG_WARN_BOOL_CONVERSION = YES;
				CLANG_WARN_COMMA = YES;
				CLANG_WARN_CONSTANT_CONVERSION = YES;
				CLANG_WARN_DEPRECATED_OBJC_IMPLEMENTATIONS = YES;
				CLANG_WARN_DIRECT_OBJC_ISA_USAGE = YES_ERROR;
				CLANG_WARN_DOCUMENTATION_COMMENTS = YES;
				CLANG_WARN_EMPTY_BODY = YES;
				CLANG_WARN_ENUM_CONVERSION = YES;
				CLANG_WARN_INFINITE_RECURSION = YES;
				CLANG_WARN_INT_CONVERSION = YES;
				CLANG_WARN_NON_LITERAL_NULL_CONVERSION = YES;
				CLANG_WARN_OBJC_IMPLICIT_RETAIN_SELF = YES;
				CLANG_WARN_OBJC_LITERAL_CONVERSION = YES;
				CLANG_WARN_OBJC_ROOT_CLASS = YES_ERROR;
				CLANG_WARN_QUOTED_INCLUDE_IN_FRAMEWORK_HEADER = YES;
				CLANG_WARN_RANGE_LOOP_ANALYSIS = YES;
				CLANG_WARN_STRICT_PROTOTYPES = YES;
				CLANG_WARN_SUSPICIOUS_MOVE = YES;
				CLANG_WARN_UNGUARDED_AVAILABILITY = YES_AGGRESSIVE;
				CLANG_WARN_UNREACHABLE_CODE = YES;
				CLANG_WARN__DUPLICATE_METHOD_MATCH = YES;
				COPY_PHASE_STRIP = NO;
				DEBUG_INFORMATION_FORMAT = dwarf;
				ENABLE_STRICT_OBJC_MSGSEND = YES;
				ENABLE_TESTABILITY = YES;
				GCC_C_LANGUAGE_STANDARD = gnu11;
				GCC_DYNAMIC_NO_PIC = NO;
				GCC_NO_COMMON_BLOCKS = YES;
				GCC_OPTIMIZATION_LEVEL = 0;
				GCC_PREPROCESSOR_DEFINITIONS = (
					"DEBUG=1",
					"$(inherited)",
				);
				GCC_WARN_64_TO_32_BIT_CONVERSION = YES;
				GCC_WARN_ABOUT_RETURN_TYPE = YES_ERROR;
				GCC_WARN_UNDECLARED_SELECTOR = YES;
				GCC_WARN_UNINITIALIZED_AUTOS = YES_AGGRESSIVE;
				GCC_WARN_UNUSED_FUNCTION = YES;
				GCC_WARN_UNUSED_VARIABLE = YES;
				IPHONEOS_DEPLOYMENT_TARGET = 16.2;
				MTL_ENABLE_DEBUG_INFO = INCLUDE_SOURCE;
				MTL_FAST_MATH = YES;
				ONLY_ACTIVE_ARCH = YES;
				SDKROOT = iphoneos;
				SWIFT_ACTIVE_COMPILATION_CONDITIONS = DEBUG;
				SWIFT_OPTIMIZATION_LEVEL = "-Onone";
			};
			name = Debug;
		};
		98A6634229C7731600E05943 /* Release */ = {
			isa = XCBuildConfiguration;
			buildSettings = {
				ALWAYS_SEARCH_USER_PATHS = NO;
				CLANG_ANALYZER_NONNULL = YES;
				CLANG_ANALYZER_NUMBER_OBJECT_CONVERSION = YES_AGGRESSIVE;
				CLANG_CXX_LANGUAGE_STANDARD = "gnu++20";
				CLANG_ENABLE_MODULES = YES;
				CLANG_ENABLE_OBJC_ARC = YES;
				CLANG_ENABLE_OBJC_WEAK = YES;
				CLANG_WARN_BLOCK_CAPTURE_AUTORELEASING = YES;
				CLANG_WARN_BOOL_CONVERSION = YES;
				CLANG_WARN_COMMA = YES;
				CLANG_WARN_CONSTANT_CONVERSION = YES;
				CLANG_WARN_DEPRECATED_OBJC_IMPLEMENTATIONS = YES;
				CLANG_WARN_DIRECT_OBJC_ISA_USAGE = YES_ERROR;
				CLANG_WARN_DOCUMENTATION_COMMENTS = YES;
				CLANG_WARN_EMPTY_BODY = YES;
				CLANG_WARN_ENUM_CONVERSION = YES;
				CLANG_WARN_INFINITE_RECURSION = YES;
				CLANG_WARN_INT_CONVERSION = YES;
				CLANG_WARN_NON_LITERAL_NULL_CONVERSION = YES;
				CLANG_WARN_OBJC_IMPLICIT_RETAIN_SELF = YES;
				CLANG_WARN_OBJC_LITERAL_CONVERSION = YES;
				CLANG_WARN_OBJC_ROOT_CLASS = YES_ERROR;
				CLANG_WARN_QUOTED_INCLUDE_IN_FRAMEWORK_HEADER = YES;
				CLANG_WARN_RANGE_LOOP_ANALYSIS = YES;
				CLANG_WARN_STRICT_PROTOTYPES = YES;
				CLANG_WARN_SUSPICIOUS_MOVE = YES;
				CLANG_WARN_UNGUARDED_AVAILABILITY = YES_AGGRESSIVE;
				CLANG_WARN_UNREACHABLE_CODE = YES;
				CLANG_WARN__DUPLICATE_METHOD_MATCH = YES;
				COPY_PHASE_STRIP = NO;
				DEBUG_INFORMATION_FORMAT = "dwarf-with-dsym";
				ENABLE_NS_ASSERTIONS = NO;
				ENABLE_STRICT_OBJC_MSGSEND = YES;
				GCC_C_LANGUAGE_STANDARD = gnu11;
				GCC_NO_COMMON_BLOCKS = YES;
				GCC_WARN_64_TO_32_BIT_CONVERSION = YES;
				GCC_WARN_ABOUT_RETURN_TYPE = YES_ERROR;
				GCC_WARN_UNDECLARED_SELECTOR = YES;
				GCC_WARN_UNINITIALIZED_AUTOS = YES_AGGRESSIVE;
				GCC_WARN_UNUSED_FUNCTION = YES;
				GCC_WARN_UNUSED_VARIABLE = YES;
				IPHONEOS_DEPLOYMENT_TARGET = 16.2;
				MTL_ENABLE_DEBUG_INFO = NO;
				MTL_FAST_MATH = YES;
				SDKROOT = iphoneos;
				SWIFT_COMPILATION_MODE = wholemodule;
				SWIFT_OPTIMIZATION_LEVEL = "-O";
				VALIDATE_PRODUCT = YES;
			};
			name = Release;
		};
		98A6634429C7731600E05943 /* Debug */ = {
			isa = XCBuildConfiguration;
			buildSettings = {
				ASSETCATALOG_COMPILER_APPICON_NAME = AppIcon;
				ASSETCATALOG_COMPILER_GLOBAL_ACCENT_COLOR_NAME = AccentColor;
				CODE_SIGN_STYLE = Automatic;
				CURRENT_PROJECT_VERSION = 1;
				DEVELOPMENT_ASSET_PATHS = "\"CryptocurrencyAppSwiftUI/Preview Content\"";
				DEVELOPMENT_TEAM = 6K3N9379CW;
				ENABLE_PREVIEWS = YES;
				GENERATE_INFOPLIST_FILE = YES;
				INFOPLIST_KEY_UIApplicationSceneManifest_Generation = YES;
				INFOPLIST_KEY_UIApplicationSupportsIndirectInputEvents = YES;
				INFOPLIST_KEY_UILaunchScreen_Generation = YES;
				INFOPLIST_KEY_UISupportedInterfaceOrientations_iPad = "UIInterfaceOrientationPortrait UIInterfaceOrientationPortraitUpsideDown UIInterfaceOrientationLandscapeLeft UIInterfaceOrientationLandscapeRight";
				INFOPLIST_KEY_UISupportedInterfaceOrientations_iPhone = "UIInterfaceOrientationPortrait UIInterfaceOrientationLandscapeLeft UIInterfaceOrientationLandscapeRight";
				LD_RUNPATH_SEARCH_PATHS = (
					"$(inherited)",
					"@executable_path/Frameworks",
				);
				MARKETING_VERSION = 1.0;
				PRODUCT_BUNDLE_IDENTIFIER = com.MarekGerszendorf.CryptocurrencyAppSwiftUI;
				PRODUCT_NAME = "$(TARGET_NAME)";
				SWIFT_EMIT_LOC_STRINGS = YES;
				SWIFT_VERSION = 5.0;
				TARGETED_DEVICE_FAMILY = "1,2";
			};
			name = Debug;
		};
		98A6634529C7731600E05943 /* Release */ = {
			isa = XCBuildConfiguration;
			buildSettings = {
				ASSETCATALOG_COMPILER_APPICON_NAME = AppIcon;
				ASSETCATALOG_COMPILER_GLOBAL_ACCENT_COLOR_NAME = AccentColor;
				CODE_SIGN_STYLE = Automatic;
				CURRENT_PROJECT_VERSION = 1;
				DEVELOPMENT_ASSET_PATHS = "\"CryptocurrencyAppSwiftUI/Preview Content\"";
				DEVELOPMENT_TEAM = 6K3N9379CW;
				ENABLE_PREVIEWS = YES;
				GENERATE_INFOPLIST_FILE = YES;
				INFOPLIST_KEY_UIApplicationSceneManifest_Generation = YES;
				INFOPLIST_KEY_UIApplicationSupportsIndirectInputEvents = YES;
				INFOPLIST_KEY_UILaunchScreen_Generation = YES;
				INFOPLIST_KEY_UISupportedInterfaceOrientations_iPad = "UIInterfaceOrientationPortrait UIInterfaceOrientationPortraitUpsideDown UIInterfaceOrientationLandscapeLeft UIInterfaceOrientationLandscapeRight";
				INFOPLIST_KEY_UISupportedInterfaceOrientations_iPhone = "UIInterfaceOrientationPortrait UIInterfaceOrientationLandscapeLeft UIInterfaceOrientationLandscapeRight";
				LD_RUNPATH_SEARCH_PATHS = (
					"$(inherited)",
					"@executable_path/Frameworks",
				);
				MARKETING_VERSION = 1.0;
				PRODUCT_BUNDLE_IDENTIFIER = com.MarekGerszendorf.CryptocurrencyAppSwiftUI;
				PRODUCT_NAME = "$(TARGET_NAME)";
				SWIFT_EMIT_LOC_STRINGS = YES;
				SWIFT_VERSION = 5.0;
				TARGETED_DEVICE_FAMILY = "1,2";
			};
			name = Release;
		};
/* End XCBuildConfiguration section */

/* Begin XCConfigurationList section */
		98A6633029C7731500E05943 /* Build configuration list for PBXProject "CryptocurrencyAppSwiftUI" */ = {
			isa = XCConfigurationList;
			buildConfigurations = (
				98A6634129C7731600E05943 /* Debug */,
				98A6634229C7731600E05943 /* Release */,
			);
			defaultConfigurationIsVisible = 0;
			defaultConfigurationName = Release;
		};
		98A6634329C7731600E05943 /* Build configuration list for PBXNativeTarget "CryptocurrencyAppSwiftUI" */ = {
			isa = XCConfigurationList;
			buildConfigurations = (
				98A6634429C7731600E05943 /* Debug */,
				98A6634529C7731600E05943 /* Release */,
			);
			defaultConfigurationIsVisible = 0;
			defaultConfigurationName = Release;
		};
/* End XCConfigurationList section */

/* Begin XCRemoteSwiftPackageReference section */
		98A810FE29CE32FF00A40196 /* XCRemoteSwiftPackageReference "Kingfisher" */ = {
			isa = XCRemoteSwiftPackageReference;
			repositoryURL = "https://github.com/onevcat/Kingfisher.git";
			requirement = {
				kind = upToNextMajorVersion;
				minimumVersion = 7.0.0;
			};
		};
/* End XCRemoteSwiftPackageReference section */

/* Begin XCSwiftPackageProductDependency section */
		98A810FF29CE32FF00A40196 /* Kingfisher */ = {
			isa = XCSwiftPackageProductDependency;
			package = 98A810FE29CE32FF00A40196 /* XCRemoteSwiftPackageReference "Kingfisher" */;
			productName = Kingfisher;
		};
/* End XCSwiftPackageProductDependency section */
	};
	rootObject = 98A6632D29C7731500E05943 /* Project object */;
}
